// !$*UTF8*$!
{
	archiveVersion = 1;
	classes = {
	};
	objectVersion = 56;
	objects = {

/* Begin PBXBuildFile section */
		85D114642CFF3C830025FA50 /* StoredRepositoryInfo.swift in Sources */ = {isa = PBXBuildFile; fileRef = 85D114632CFF3C830025FA50 /* StoredRepositoryInfo.swift */; };
		85D1146A2CFF56A10025FA50 /* StorageService.swift in Sources */ = {isa = PBXBuildFile; fileRef = 85D114692CFF56A10025FA50 /* StorageService.swift */; };
		85D1146C2CFF57AF0025FA50 /* ReposFacadeService.swift in Sources */ = {isa = PBXBuildFile; fileRef = 85D1146B2CFF57AF0025FA50 /* ReposFacadeService.swift */; };
		85D1146E2D0041770025FA50 /* RepositoryViewController.swift in Sources */ = {isa = PBXBuildFile; fileRef = 85D1146D2D0041770025FA50 /* RepositoryViewController.swift */; };
		85D114722D0045980025FA50 /* RepositoryViewModel.swift in Sources */ = {isa = PBXBuildFile; fileRef = 85D114712D0045980025FA50 /* RepositoryViewModel.swift */; };
		85D114742D0047AB0025FA50 /* RepositoryModule.swift in Sources */ = {isa = PBXBuildFile; fileRef = 85D114732D0047AB0025FA50 /* RepositoryModule.swift */; };
		85D114782D00EBD20025FA50 /* ListViewModelTests.swift in Sources */ = {isa = PBXBuildFile; fileRef = 85D114772D00EBD20025FA50 /* ListViewModelTests.swift */; };
		85D1147C2D01ACDE0025FA50 /* RepositoryError.swift in Sources */ = {isa = PBXBuildFile; fileRef = 85D1147B2D01ACDE0025FA50 /* RepositoryError.swift */; };
		85D1147E2D0207AE0025FA50 /* ReposFacadeServiceTests.swift in Sources */ = {isa = PBXBuildFile; fileRef = 85D1147D2D0207AE0025FA50 /* ReposFacadeServiceTests.swift */; };
		85E626462CFC6190006401AC /* AppDelegate.swift in Sources */ = {isa = PBXBuildFile; fileRef = 85E626452CFC6190006401AC /* AppDelegate.swift */; };
		85E626482CFC6190006401AC /* SceneDelegate.swift in Sources */ = {isa = PBXBuildFile; fileRef = 85E626472CFC6190006401AC /* SceneDelegate.swift */; };
		85E6264A2CFC6190006401AC /* ListViewController.swift in Sources */ = {isa = PBXBuildFile; fileRef = 85E626492CFC6190006401AC /* ListViewController.swift */; };
		85E6264F2CFC6192006401AC /* Assets.xcassets in Resources */ = {isa = PBXBuildFile; fileRef = 85E6264E2CFC6192006401AC /* Assets.xcassets */; };
		85E626522CFC6192006401AC /* Base in Resources */ = {isa = PBXBuildFile; fileRef = 85E626512CFC6192006401AC /* Base */; };
		85E6265D2CFC6193006401AC /* reposListTests.swift in Sources */ = {isa = PBXBuildFile; fileRef = 85E6265C2CFC6193006401AC /* reposListTests.swift */; };
		85E626762CFC638F006401AC /* NetworkService.swift in Sources */ = {isa = PBXBuildFile; fileRef = 85E626752CFC638F006401AC /* NetworkService.swift */; };
		85E626782CFC6550006401AC /* RepositoryInfo.swift in Sources */ = {isa = PBXBuildFile; fileRef = 85E626772CFC6550006401AC /* RepositoryInfo.swift */; };
		85E6267A2CFC6817006401AC /* Owner.swift in Sources */ = {isa = PBXBuildFile; fileRef = 85E626792CFC6817006401AC /* Owner.swift */; };
		85E6267E2CFC6A1C006401AC /* RequestInfo.swift in Sources */ = {isa = PBXBuildFile; fileRef = 85E6267D2CFC6A1C006401AC /* RequestInfo.swift */; };
		85E626802CFC6F38006401AC /* UIView + Pin.swift in Sources */ = {isa = PBXBuildFile; fileRef = 85E6267F2CFC6F38006401AC /* UIView + Pin.swift */; };
		85E626822CFC8674006401AC /* RepositoryCell.swift in Sources */ = {isa = PBXBuildFile; fileRef = 85E626812CFC8674006401AC /* RepositoryCell.swift */; };
		85E626852CFC8E43006401AC /* Kingfisher in Frameworks */ = {isa = PBXBuildFile; productRef = 85E626842CFC8E43006401AC /* Kingfisher */; };
		85E626872CFE0B32006401AC /* ListViewModel.swift in Sources */ = {isa = PBXBuildFile; fileRef = 85E626862CFE0B32006401AC /* ListViewModel.swift */; };
		85E6268A2CFE1627006401AC /* ListModule.swift in Sources */ = {isa = PBXBuildFile; fileRef = 85E626892CFE1627006401AC /* ListModule.swift */; };
		85E6268D2CFE17B7006401AC /* ServiceLocator.swift in Sources */ = {isa = PBXBuildFile; fileRef = 85E6268C2CFE17B7006401AC /* ServiceLocator.swift */; };
/* End PBXBuildFile section */

/* Begin PBXContainerItemProxy section */
		85E626592CFC6193006401AC /* PBXContainerItemProxy */ = {
			isa = PBXContainerItemProxy;
			containerPortal = 85E6263A2CFC6190006401AC /* Project object */;
			proxyType = 1;
			remoteGlobalIDString = 85E626412CFC6190006401AC;
			remoteInfo = reposList;
		};
/* End PBXContainerItemProxy section */

/* Begin PBXFileReference section */
		85D114632CFF3C830025FA50 /* StoredRepositoryInfo.swift */ = {isa = PBXFileReference; lastKnownFileType = sourcecode.swift; path = StoredRepositoryInfo.swift; sourceTree = "<group>"; };
		85D114692CFF56A10025FA50 /* StorageService.swift */ = {isa = PBXFileReference; lastKnownFileType = sourcecode.swift; path = StorageService.swift; sourceTree = "<group>"; };
		85D1146B2CFF57AF0025FA50 /* ReposFacadeService.swift */ = {isa = PBXFileReference; lastKnownFileType = sourcecode.swift; path = ReposFacadeService.swift; sourceTree = "<group>"; };
		85D1146D2D0041770025FA50 /* RepositoryViewController.swift */ = {isa = PBXFileReference; lastKnownFileType = sourcecode.swift; path = RepositoryViewController.swift; sourceTree = "<group>"; };
		85D114712D0045980025FA50 /* RepositoryViewModel.swift */ = {isa = PBXFileReference; lastKnownFileType = sourcecode.swift; path = RepositoryViewModel.swift; sourceTree = "<group>"; };
		85D114732D0047AB0025FA50 /* RepositoryModule.swift */ = {isa = PBXFileReference; lastKnownFileType = sourcecode.swift; path = RepositoryModule.swift; sourceTree = "<group>"; };
		85D114772D00EBD20025FA50 /* ListViewModelTests.swift */ = {isa = PBXFileReference; lastKnownFileType = sourcecode.swift; path = ListViewModelTests.swift; sourceTree = "<group>"; };
		85D1147B2D01ACDE0025FA50 /* RepositoryError.swift */ = {isa = PBXFileReference; lastKnownFileType = sourcecode.swift; path = RepositoryError.swift; sourceTree = "<group>"; };
		85D1147D2D0207AE0025FA50 /* ReposFacadeServiceTests.swift */ = {isa = PBXFileReference; lastKnownFileType = sourcecode.swift; path = ReposFacadeServiceTests.swift; sourceTree = "<group>"; };
		85E626422CFC6190006401AC /* reposList.app */ = {isa = PBXFileReference; explicitFileType = wrapper.application; includeInIndex = 0; path = reposList.app; sourceTree = BUILT_PRODUCTS_DIR; };
		85E626452CFC6190006401AC /* AppDelegate.swift */ = {isa = PBXFileReference; lastKnownFileType = sourcecode.swift; path = AppDelegate.swift; sourceTree = "<group>"; };
		85E626472CFC6190006401AC /* SceneDelegate.swift */ = {isa = PBXFileReference; lastKnownFileType = sourcecode.swift; path = SceneDelegate.swift; sourceTree = "<group>"; };
		85E626492CFC6190006401AC /* ListViewController.swift */ = {isa = PBXFileReference; lastKnownFileType = sourcecode.swift; path = ListViewController.swift; sourceTree = "<group>"; };
		85E6264E2CFC6192006401AC /* Assets.xcassets */ = {isa = PBXFileReference; lastKnownFileType = folder.assetcatalog; path = Assets.xcassets; sourceTree = "<group>"; };
		85E626512CFC6192006401AC /* Base */ = {isa = PBXFileReference; lastKnownFileType = file.storyboard; name = Base; path = Base.lproj/LaunchScreen.storyboard; sourceTree = "<group>"; };
		85E626532CFC6192006401AC /* Info.plist */ = {isa = PBXFileReference; lastKnownFileType = text.plist.xml; path = Info.plist; sourceTree = "<group>"; };
		85E626582CFC6193006401AC /* reposListTests.xctest */ = {isa = PBXFileReference; explicitFileType = wrapper.cfbundle; includeInIndex = 0; path = reposListTests.xctest; sourceTree = BUILT_PRODUCTS_DIR; };
		85E6265C2CFC6193006401AC /* reposListTests.swift */ = {isa = PBXFileReference; lastKnownFileType = sourcecode.swift; path = reposListTests.swift; sourceTree = "<group>"; };
		85E626752CFC638F006401AC /* NetworkService.swift */ = {isa = PBXFileReference; lastKnownFileType = sourcecode.swift; path = NetworkService.swift; sourceTree = "<group>"; };
		85E626772CFC6550006401AC /* RepositoryInfo.swift */ = {isa = PBXFileReference; lastKnownFileType = sourcecode.swift; path = RepositoryInfo.swift; sourceTree = "<group>"; };
		85E626792CFC6817006401AC /* Owner.swift */ = {isa = PBXFileReference; lastKnownFileType = sourcecode.swift; path = Owner.swift; sourceTree = "<group>"; };
		85E6267D2CFC6A1C006401AC /* RequestInfo.swift */ = {isa = PBXFileReference; lastKnownFileType = sourcecode.swift; path = RequestInfo.swift; sourceTree = "<group>"; };
		85E6267F2CFC6F38006401AC /* UIView + Pin.swift */ = {isa = PBXFileReference; lastKnownFileType = sourcecode.swift; path = "UIView + Pin.swift"; sourceTree = "<group>"; };
		85E626812CFC8674006401AC /* RepositoryCell.swift */ = {isa = PBXFileReference; lastKnownFileType = sourcecode.swift; path = RepositoryCell.swift; sourceTree = "<group>"; };
		85E626862CFE0B32006401AC /* ListViewModel.swift */ = {isa = PBXFileReference; lastKnownFileType = sourcecode.swift; path = ListViewModel.swift; sourceTree = "<group>"; };
		85E626892CFE1627006401AC /* ListModule.swift */ = {isa = PBXFileReference; lastKnownFileType = sourcecode.swift; path = ListModule.swift; sourceTree = "<group>"; };
		85E6268C2CFE17B7006401AC /* ServiceLocator.swift */ = {isa = PBXFileReference; lastKnownFileType = sourcecode.swift; path = ServiceLocator.swift; sourceTree = "<group>"; };
/* End PBXFileReference section */

/* Begin PBXFrameworksBuildPhase section */
		85E6263F2CFC6190006401AC /* Frameworks */ = {
			isa = PBXFrameworksBuildPhase;
			buildActionMask = 2147483647;
			files = (
				85E626852CFC8E43006401AC /* Kingfisher in Frameworks */,
			);
			runOnlyForDeploymentPostprocessing = 0;
		};
		85E626552CFC6193006401AC /* Frameworks */ = {
			isa = PBXFrameworksBuildPhase;
			buildActionMask = 2147483647;
			files = (
			);
			runOnlyForDeploymentPostprocessing = 0;
		};
/* End PBXFrameworksBuildPhase section */

/* Begin PBXGroup section */
		85D1146F2D0042AF0025FA50 /* Models */ = {
			isa = PBXGroup;
			children = (
				85E626772CFC6550006401AC /* RepositoryInfo.swift */,
				85E626792CFC6817006401AC /* Owner.swift */,
				85E6267D2CFC6A1C006401AC /* RequestInfo.swift */,
				85D114632CFF3C830025FA50 /* StoredRepositoryInfo.swift */,
			);
			path = Models;
			sourceTree = "<group>";
		};
		85D114702D0043BE0025FA50 /* Repository */ = {
			isa = PBXGroup;
			children = (
				85D1146D2D0041770025FA50 /* RepositoryViewController.swift */,
				85D114712D0045980025FA50 /* RepositoryViewModel.swift */,
				85D114732D0047AB0025FA50 /* RepositoryModule.swift */,
			);
			path = Repository;
			sourceTree = "<group>";
		};
		85E626392CFC6190006401AC = {
			isa = PBXGroup;
			children = (
				85E626442CFC6190006401AC /* reposList */,
				85E6265B2CFC6193006401AC /* reposListTests */,
				85E626432CFC6190006401AC /* Products */,
			);
			sourceTree = "<group>";
		};
		85E626432CFC6190006401AC /* Products */ = {
			isa = PBXGroup;
			children = (
				85E626422CFC6190006401AC /* reposList.app */,
				85E626582CFC6193006401AC /* reposListTests.xctest */,
			);
			name = Products;
			sourceTree = "<group>";
		};
		85E626442CFC6190006401AC /* reposList */ = {
			isa = PBXGroup;
			children = (
				85E6268E2CFE184E006401AC /* Modules */,
				85E6268B2CFE1785006401AC /* Services */,
				85D1146F2D0042AF0025FA50 /* Models */,
				85E626452CFC6190006401AC /* AppDelegate.swift */,
				85E626472CFC6190006401AC /* SceneDelegate.swift */,
				85E6264E2CFC6192006401AC /* Assets.xcassets */,
				85E626502CFC6192006401AC /* LaunchScreen.storyboard */,
				85E626532CFC6192006401AC /* Info.plist */,
				85E6267F2CFC6F38006401AC /* UIView + Pin.swift */,
				85E626812CFC8674006401AC /* RepositoryCell.swift */,
				85D1147B2D01ACDE0025FA50 /* RepositoryError.swift */,
			);
			path = reposList;
			sourceTree = "<group>";
		};
		85E6265B2CFC6193006401AC /* reposListTests */ = {
			isa = PBXGroup;
			children = (
				85E6265C2CFC6193006401AC /* reposListTests.swift */,
				85D114772D00EBD20025FA50 /* ListViewModelTests.swift */,
				85D1147D2D0207AE0025FA50 /* ReposFacadeServiceTests.swift */,
			);
			path = reposListTests;
			sourceTree = "<group>";
		};
		85E626882CFE0B3A006401AC /* List */ = {
			isa = PBXGroup;
			children = (
				85E626492CFC6190006401AC /* ListViewController.swift */,
				85E626862CFE0B32006401AC /* ListViewModel.swift */,
				85E626892CFE1627006401AC /* ListModule.swift */,
			);
			path = List;
			sourceTree = "<group>";
		};
		85E6268B2CFE1785006401AC /* Services */ = {
			isa = PBXGroup;
			children = (
				85E626752CFC638F006401AC /* NetworkService.swift */,
				85E6268C2CFE17B7006401AC /* ServiceLocator.swift */,
				85D114692CFF56A10025FA50 /* StorageService.swift */,
				85D1146B2CFF57AF0025FA50 /* ReposFacadeService.swift */,
			);
			path = Services;
			sourceTree = "<group>";
		};
		85E6268E2CFE184E006401AC /* Modules */ = {
			isa = PBXGroup;
			children = (
				85D114702D0043BE0025FA50 /* Repository */,
				85E626882CFE0B3A006401AC /* List */,
			);
			path = Modules;
			sourceTree = "<group>";
		};
/* End PBXGroup section */

/* Begin PBXNativeTarget section */
		85E626412CFC6190006401AC /* reposList */ = {
			isa = PBXNativeTarget;
			buildConfigurationList = 85E6266C2CFC6193006401AC /* Build configuration list for PBXNativeTarget "reposList" */;
			buildPhases = (
				85E6263E2CFC6190006401AC /* Sources */,
				85E6263F2CFC6190006401AC /* Frameworks */,
				85E626402CFC6190006401AC /* Resources */,
			);
			buildRules = (
			);
			dependencies = (
			);
			name = reposList;
			packageProductDependencies = (
				85E626842CFC8E43006401AC /* Kingfisher */,
			);
			productName = reposList;
			productReference = 85E626422CFC6190006401AC /* reposList.app */;
			productType = "com.apple.product-type.application";
		};
		85E626572CFC6193006401AC /* reposListTests */ = {
			isa = PBXNativeTarget;
			buildConfigurationList = 85E6266F2CFC6193006401AC /* Build configuration list for PBXNativeTarget "reposListTests" */;
			buildPhases = (
				85E626542CFC6193006401AC /* Sources */,
				85E626552CFC6193006401AC /* Frameworks */,
				85E626562CFC6193006401AC /* Resources */,
			);
			buildRules = (
			);
			dependencies = (
				85E6265A2CFC6193006401AC /* PBXTargetDependency */,
			);
			name = reposListTests;
			productName = reposListTests;
			productReference = 85E626582CFC6193006401AC /* reposListTests.xctest */;
			productType = "com.apple.product-type.bundle.unit-test";
		};
/* End PBXNativeTarget section */

/* Begin PBXProject section */
		85E6263A2CFC6190006401AC /* Project object */ = {
			isa = PBXProject;
			attributes = {
				BuildIndependentTargetsInParallel = 1;
				LastSwiftUpdateCheck = 1530;
				LastUpgradeCheck = 1530;
				TargetAttributes = {
					85E626412CFC6190006401AC = {
						CreatedOnToolsVersion = 15.3;
					};
					85E626572CFC6193006401AC = {
						CreatedOnToolsVersion = 15.3;
						TestTargetID = 85E626412CFC6190006401AC;
					};
				};
			};
			buildConfigurationList = 85E6263D2CFC6190006401AC /* Build configuration list for PBXProject "reposList" */;
			compatibilityVersion = "Xcode 14.0";
			developmentRegion = en;
			hasScannedForEncodings = 0;
			knownRegions = (
				en,
				Base,
			);
			mainGroup = 85E626392CFC6190006401AC;
			packageReferences = (
				85E626832CFC8B78006401AC /* XCRemoteSwiftPackageReference "Kingfisher" */,
			);
			productRefGroup = 85E626432CFC6190006401AC /* Products */;
			projectDirPath = "";
			projectRoot = "";
			targets = (
				85E626412CFC6190006401AC /* reposList */,
				85E626572CFC6193006401AC /* reposListTests */,
			);
		};
/* End PBXProject section */

/* Begin PBXResourcesBuildPhase section */
		85E626402CFC6190006401AC /* Resources */ = {
			isa = PBXResourcesBuildPhase;
			buildActionMask = 2147483647;
			files = (
				85E6264F2CFC6192006401AC /* Assets.xcassets in Resources */,
				85E626522CFC6192006401AC /* Base in Resources */,
			);
			runOnlyForDeploymentPostprocessing = 0;
		};
		85E626562CFC6193006401AC /* Resources */ = {
			isa = PBXResourcesBuildPhase;
			buildActionMask = 2147483647;
			files = (
			);
			runOnlyForDeploymentPostprocessing = 0;
		};
/* End PBXResourcesBuildPhase section */

/* Begin PBXSourcesBuildPhase section */
		85E6263E2CFC6190006401AC /* Sources */ = {
			isa = PBXSourcesBuildPhase;
			buildActionMask = 2147483647;
			files = (
				85E6268D2CFE17B7006401AC /* ServiceLocator.swift in Sources */,
				85E626872CFE0B32006401AC /* ListViewModel.swift in Sources */,
				85D1146C2CFF57AF0025FA50 /* ReposFacadeService.swift in Sources */,
				85E626822CFC8674006401AC /* RepositoryCell.swift in Sources */,
				85E626802CFC6F38006401AC /* UIView + Pin.swift in Sources */,
				85E626782CFC6550006401AC /* RepositoryInfo.swift in Sources */,
				85E6267A2CFC6817006401AC /* Owner.swift in Sources */,
				85D1147C2D01ACDE0025FA50 /* RepositoryError.swift in Sources */,
				85D114642CFF3C830025FA50 /* StoredRepositoryInfo.swift in Sources */,
				85D1146E2D0041770025FA50 /* RepositoryViewController.swift in Sources */,
				85D114742D0047AB0025FA50 /* RepositoryModule.swift in Sources */,
				85E6267E2CFC6A1C006401AC /* RequestInfo.swift in Sources */,
				85E6264A2CFC6190006401AC /* ListViewController.swift in Sources */,
				85E626462CFC6190006401AC /* AppDelegate.swift in Sources */,
				85E626762CFC638F006401AC /* NetworkService.swift in Sources */,
				85E6268A2CFE1627006401AC /* ListModule.swift in Sources */,
				85E626482CFC6190006401AC /* SceneDelegate.swift in Sources */,
				85D114722D0045980025FA50 /* RepositoryViewModel.swift in Sources */,
				85D1146A2CFF56A10025FA50 /* StorageService.swift in Sources */,
			);
			runOnlyForDeploymentPostprocessing = 0;
		};
		85E626542CFC6193006401AC /* Sources */ = {
			isa = PBXSourcesBuildPhase;
			buildActionMask = 2147483647;
			files = (
				85E6265D2CFC6193006401AC /* reposListTests.swift in Sources */,
				85D1147E2D0207AE0025FA50 /* ReposFacadeServiceTests.swift in Sources */,
				85D114782D00EBD20025FA50 /* ListViewModelTests.swift in Sources */,
			);
			runOnlyForDeploymentPostprocessing = 0;
		};
/* End PBXSourcesBuildPhase section */

/* Begin PBXTargetDependency section */
		85E6265A2CFC6193006401AC /* PBXTargetDependency */ = {
			isa = PBXTargetDependency;
			target = 85E626412CFC6190006401AC /* reposList */;
			targetProxy = 85E626592CFC6193006401AC /* PBXContainerItemProxy */;
		};
/* End PBXTargetDependency section */

/* Begin PBXVariantGroup section */
		85E626502CFC6192006401AC /* LaunchScreen.storyboard */ = {
			isa = PBXVariantGroup;
			children = (
				85E626512CFC6192006401AC /* Base */,
			);
			name = LaunchScreen.storyboard;
			sourceTree = "<group>";
		};
/* End PBXVariantGroup section */

/* Begin XCBuildConfiguration section */
		85E6266A2CFC6193006401AC /* Debug */ = {
			isa = XCBuildConfiguration;
			buildSettings = {
				ALWAYS_SEARCH_USER_PATHS = NO;
				ASSETCATALOG_COMPILER_GENERATE_SWIFT_ASSET_SYMBOL_EXTENSIONS = YES;
				CLANG_ANALYZER_NONNULL = YES;
				CLANG_ANALYZER_NUMBER_OBJECT_CONVERSION = YES_AGGRESSIVE;
				CLANG_CXX_LANGUAGE_STANDARD = "gnu++20";
				CLANG_ENABLE_MODULES = YES;
				CLANG_ENABLE_OBJC_ARC = YES;
				CLANG_ENABLE_OBJC_WEAK = YES;
				CLANG_WARN_BLOCK_CAPTURE_AUTORELEASING = YES;
				CLANG_WARN_BOOL_CONVERSION = YES;
				CLANG_WARN_COMMA = YES;
				CLANG_WARN_CONSTANT_CONVERSION = YES;
				CLANG_WARN_DEPRECATED_OBJC_IMPLEMENTATIONS = YES;
				CLANG_WARN_DIRECT_OBJC_ISA_USAGE = YES_ERROR;
				CLANG_WARN_DOCUMENTATION_COMMENTS = YES;
				CLANG_WARN_EMPTY_BODY = YES;
				CLANG_WARN_ENUM_CONVERSION = YES;
				CLANG_WARN_INFINITE_RECURSION = YES;
				CLANG_WARN_INT_CONVERSION = YES;
				CLANG_WARN_NON_LITERAL_NULL_CONVERSION = YES;
				CLANG_WARN_OBJC_IMPLICIT_RETAIN_SELF = YES;
				CLANG_WARN_OBJC_LITERAL_CONVERSION = YES;
				CLANG_WARN_OBJC_ROOT_CLASS = YES_ERROR;
				CLANG_WARN_QUOTED_INCLUDE_IN_FRAMEWORK_HEADER = YES;
				CLANG_WARN_RANGE_LOOP_ANALYSIS = YES;
				CLANG_WARN_STRICT_PROTOTYPES = YES;
				CLANG_WARN_SUSPICIOUS_MOVE = YES;
				CLANG_WARN_UNGUARDED_AVAILABILITY = YES_AGGRESSIVE;
				CLANG_WARN_UNREACHABLE_CODE = YES;
				CLANG_WARN__DUPLICATE_METHOD_MATCH = YES;
				COPY_PHASE_STRIP = NO;
				DEBUG_INFORMATION_FORMAT = dwarf;
				ENABLE_STRICT_OBJC_MSGSEND = YES;
				ENABLE_TESTABILITY = YES;
				ENABLE_USER_SCRIPT_SANDBOXING = YES;
				GCC_C_LANGUAGE_STANDARD = gnu17;
				GCC_DYNAMIC_NO_PIC = NO;
				GCC_NO_COMMON_BLOCKS = YES;
				GCC_OPTIMIZATION_LEVEL = 0;
				GCC_PREPROCESSOR_DEFINITIONS = (
					"DEBUG=1",
					"$(inherited)",
				);
				GCC_WARN_64_TO_32_BIT_CONVERSION = YES;
				GCC_WARN_ABOUT_RETURN_TYPE = YES_ERROR;
				GCC_WARN_UNDECLARED_SELECTOR = YES;
				GCC_WARN_UNINITIALIZED_AUTOS = YES_AGGRESSIVE;
				GCC_WARN_UNUSED_FUNCTION = YES;
				GCC_WARN_UNUSED_VARIABLE = YES;
				IPHONEOS_DEPLOYMENT_TARGET = 17.4;
				LOCALIZATION_PREFERS_STRING_CATALOGS = YES;
				MTL_ENABLE_DEBUG_INFO = INCLUDE_SOURCE;
				MTL_FAST_MATH = YES;
				ONLY_ACTIVE_ARCH = YES;
				SDKROOT = iphoneos;
				SWIFT_ACTIVE_COMPILATION_CONDITIONS = "DEBUG $(inherited)";
				SWIFT_OPTIMIZATION_LEVEL = "-Onone";
			};
			name = Debug;
		};
		85E6266B2CFC6193006401AC /* Release */ = {
			isa = XCBuildConfiguration;
			buildSettings = {
				ALWAYS_SEARCH_USER_PATHS = NO;
				ASSETCATALOG_COMPILER_GENERATE_SWIFT_ASSET_SYMBOL_EXTENSIONS = YES;
				CLANG_ANALYZER_NONNULL = YES;
				CLANG_ANALYZER_NUMBER_OBJECT_CONVERSION = YES_AGGRESSIVE;
				CLANG_CXX_LANGUAGE_STANDARD = "gnu++20";
				CLANG_ENABLE_MODULES = YES;
				CLANG_ENABLE_OBJC_ARC = YES;
				CLANG_ENABLE_OBJC_WEAK = YES;
				CLANG_WARN_BLOCK_CAPTURE_AUTORELEASING = YES;
				CLANG_WARN_BOOL_CONVERSION = YES;
				CLANG_WARN_COMMA = YES;
				CLANG_WARN_CONSTANT_CONVERSION = YES;
				CLANG_WARN_DEPRECATED_OBJC_IMPLEMENTATIONS = YES;
				CLANG_WARN_DIRECT_OBJC_ISA_USAGE = YES_ERROR;
				CLANG_WARN_DOCUMENTATION_COMMENTS = YES;
				CLANG_WARN_EMPTY_BODY = YES;
				CLANG_WARN_ENUM_CONVERSION = YES;
				CLANG_WARN_INFINITE_RECURSION = YES;
				CLANG_WARN_INT_CONVERSION = YES;
				CLANG_WARN_NON_LITERAL_NULL_CONVERSION = YES;
				CLANG_WARN_OBJC_IMPLICIT_RETAIN_SELF = YES;
				CLANG_WARN_OBJC_LITERAL_CONVERSION = YES;
				CLANG_WARN_OBJC_ROOT_CLASS = YES_ERROR;
				CLANG_WARN_QUOTED_INCLUDE_IN_FRAMEWORK_HEADER = YES;
				CLANG_WARN_RANGE_LOOP_ANALYSIS = YES;
				CLANG_WARN_STRICT_PROTOTYPES = YES;
				CLANG_WARN_SUSPICIOUS_MOVE = YES;
				CLANG_WARN_UNGUARDED_AVAILABILITY = YES_AGGRESSIVE;
				CLANG_WARN_UNREACHABLE_CODE = YES;
				CLANG_WARN__DUPLICATE_METHOD_MATCH = YES;
				COPY_PHASE_STRIP = NO;
				DEBUG_INFORMATION_FORMAT = "dwarf-with-dsym";
				ENABLE_NS_ASSERTIONS = NO;
				ENABLE_STRICT_OBJC_MSGSEND = YES;
				ENABLE_USER_SCRIPT_SANDBOXING = YES;
				GCC_C_LANGUAGE_STANDARD = gnu17;
				GCC_NO_COMMON_BLOCKS = YES;
				GCC_WARN_64_TO_32_BIT_CONVERSION = YES;
				GCC_WARN_ABOUT_RETURN_TYPE = YES_ERROR;
				GCC_WARN_UNDECLARED_SELECTOR = YES;
				GCC_WARN_UNINITIALIZED_AUTOS = YES_AGGRESSIVE;
				GCC_WARN_UNUSED_FUNCTION = YES;
				GCC_WARN_UNUSED_VARIABLE = YES;
				IPHONEOS_DEPLOYMENT_TARGET = 17.4;
				LOCALIZATION_PREFERS_STRING_CATALOGS = YES;
				MTL_ENABLE_DEBUG_INFO = NO;
				MTL_FAST_MATH = YES;
				SDKROOT = iphoneos;
				SWIFT_COMPILATION_MODE = wholemodule;
				VALIDATE_PRODUCT = YES;
			};
			name = Release;
		};
		85E6266D2CFC6193006401AC /* Debug */ = {
			isa = XCBuildConfiguration;
			buildSettings = {
				ASSETCATALOG_COMPILER_APPICON_NAME = AppIcon;
				ASSETCATALOG_COMPILER_GLOBAL_ACCENT_COLOR_NAME = AccentColor;
				CODE_SIGN_STYLE = Automatic;
				CURRENT_PROJECT_VERSION = 1;
				DEVELOPMENT_TEAM = 22SF4Z93AM;
				GENERATE_INFOPLIST_FILE = YES;
				INFOPLIST_FILE = reposList/Info.plist;
				INFOPLIST_KEY_UIApplicationSupportsIndirectInputEvents = YES;
				INFOPLIST_KEY_UILaunchStoryboardName = LaunchScreen;
				INFOPLIST_KEY_UISupportedInterfaceOrientations_iPad = "UIInterfaceOrientationPortrait UIInterfaceOrientationPortraitUpsideDown UIInterfaceOrientationLandscapeLeft UIInterfaceOrientationLandscapeRight";
				INFOPLIST_KEY_UISupportedInterfaceOrientations_iPhone = "UIInterfaceOrientationPortrait UIInterfaceOrientationLandscapeLeft UIInterfaceOrientationLandscapeRight";
				LD_RUNPATH_SEARCH_PATHS = (
					"$(inherited)",
					"@executable_path/Frameworks",
				);
				MARKETING_VERSION = 1.0;
				PRODUCT_BUNDLE_IDENTIFIER = com.vk.reposList;
				PRODUCT_NAME = "$(TARGET_NAME)";
				SWIFT_EMIT_LOC_STRINGS = YES;
				SWIFT_VERSION = 5.0;
				TARGETED_DEVICE_FAMILY = "1,2";
			};
			name = Debug;
		};
		85E6266E2CFC6193006401AC /* Release */ = {
			isa = XCBuildConfiguration;
			buildSettings = {
				ASSETCATALOG_COMPILER_APPICON_NAME = AppIcon;
				ASSETCATALOG_COMPILER_GLOBAL_ACCENT_COLOR_NAME = AccentColor;
				CODE_SIGN_STYLE = Automatic;
				CURRENT_PROJECT_VERSION = 1;
				DEVELOPMENT_TEAM = 22SF4Z93AM;
				GENERATE_INFOPLIST_FILE = YES;
				INFOPLIST_FILE = reposList/Info.plist;
				INFOPLIST_KEY_UIApplicationSupportsIndirectInputEvents = YES;
				INFOPLIST_KEY_UILaunchStoryboardName = LaunchScreen;
				INFOPLIST_KEY_UISupportedInterfaceOrientations_iPad = "UIInterfaceOrientationPortrait UIInterfaceOrientationPortraitUpsideDown UIInterfaceOrientationLandscapeLeft UIInterfaceOrientationLandscapeRight";
				INFOPLIST_KEY_UISupportedInterfaceOrientations_iPhone = "UIInterfaceOrientationPortrait UIInterfaceOrientationLandscapeLeft UIInterfaceOrientationLandscapeRight";
				LD_RUNPATH_SEARCH_PATHS = (
					"$(inherited)",
					"@executable_path/Frameworks",
				);
				MARKETING_VERSION = 1.0;
				PRODUCT_BUNDLE_IDENTIFIER = com.vk.reposList;
				PRODUCT_NAME = "$(TARGET_NAME)";
				SWIFT_EMIT_LOC_STRINGS = YES;
				SWIFT_VERSION = 5.0;
				TARGETED_DEVICE_FAMILY = "1,2";
			};
			name = Release;
		};
		85E626702CFC6193006401AC /* Debug */ = {
			isa = XCBuildConfiguration;
			buildSettings = {
				ALWAYS_EMBED_SWIFT_STANDARD_LIBRARIES = YES;
				BUNDLE_LOADER = "$(TEST_HOST)";
				CODE_SIGN_STYLE = Automatic;
				CURRENT_PROJECT_VERSION = 1;
				DEVELOPMENT_TEAM = 22SF4Z93AM;
				GENERATE_INFOPLIST_FILE = YES;
				IPHONEOS_DEPLOYMENT_TARGET = 17.4;
				MARKETING_VERSION = 1.0;
				PRODUCT_BUNDLE_IDENTIFIER = com.vk.reposListTests;
				PRODUCT_NAME = "$(TARGET_NAME)";
				SWIFT_EMIT_LOC_STRINGS = NO;
				SWIFT_VERSION = 5.0;
				TARGETED_DEVICE_FAMILY = "1,2";
				TEST_HOST = "$(BUILT_PRODUCTS_DIR)/reposList.app/$(BUNDLE_EXECUTABLE_FOLDER_PATH)/reposList";
			};
			name = Debug;
		};
		85E626712CFC6193006401AC /* Release */ = {
			isa = XCBuildConfiguration;
			buildSettings = {
				ALWAYS_EMBED_SWIFT_STANDARD_LIBRARIES = YES;
				BUNDLE_LOADER = "$(TEST_HOST)";
				CODE_SIGN_STYLE = Automatic;
				CURRENT_PROJECT_VERSION = 1;
				DEVELOPMENT_TEAM = 22SF4Z93AM;
				GENERATE_INFOPLIST_FILE = YES;
				IPHONEOS_DEPLOYMENT_TARGET = 17.4;
				MARKETING_VERSION = 1.0;
				PRODUCT_BUNDLE_IDENTIFIER = com.vk.reposListTests;
				PRODUCT_NAME = "$(TARGET_NAME)";
				SWIFT_EMIT_LOC_STRINGS = NO;
				SWIFT_VERSION = 5.0;
				TARGETED_DEVICE_FAMILY = "1,2";
				TEST_HOST = "$(BUILT_PRODUCTS_DIR)/reposList.app/$(BUNDLE_EXECUTABLE_FOLDER_PATH)/reposList";
			};
			name = Release;
		};
/* End XCBuildConfiguration section */

/* Begin XCConfigurationList section */
		85E6263D2CFC6190006401AC /* Build configuration list for PBXProject "reposList" */ = {
			isa = XCConfigurationList;
			buildConfigurations = (
				85E6266A2CFC6193006401AC /* Debug */,
				85E6266B2CFC6193006401AC /* Release */,
			);
			defaultConfigurationIsVisible = 0;
			defaultConfigurationName = Release;
		};
		85E6266C2CFC6193006401AC /* Build configuration list for PBXNativeTarget "reposList" */ = {
			isa = XCConfigurationList;
			buildConfigurations = (
				85E6266D2CFC6193006401AC /* Debug */,
				85E6266E2CFC6193006401AC /* Release */,
			);
			defaultConfigurationIsVisible = 0;
			defaultConfigurationName = Release;
		};
		85E6266F2CFC6193006401AC /* Build configuration list for PBXNativeTarget "reposListTests" */ = {
			isa = XCConfigurationList;
			buildConfigurations = (
				85E626702CFC6193006401AC /* Debug */,
				85E626712CFC6193006401AC /* Release */,
			);
			defaultConfigurationIsVisible = 0;
			defaultConfigurationName = Release;
		};
/* End XCConfigurationList section */

/* Begin XCRemoteSwiftPackageReference section */
		85E626832CFC8B78006401AC /* XCRemoteSwiftPackageReference "Kingfisher" */ = {
			isa = XCRemoteSwiftPackageReference;
			repositoryURL = "https://github.com/onevcat/Kingfisher";
			requirement = {
				kind = upToNextMajorVersion;
				minimumVersion = 8.1.1;
			};
		};
/* End XCRemoteSwiftPackageReference section */

/* Begin XCSwiftPackageProductDependency section */
		85E626842CFC8E43006401AC /* Kingfisher */ = {
			isa = XCSwiftPackageProductDependency;
			package = 85E626832CFC8B78006401AC /* XCRemoteSwiftPackageReference "Kingfisher" */;
			productName = Kingfisher;
		};
/* End XCSwiftPackageProductDependency section */
	};
	rootObject = 85E6263A2CFC6190006401AC /* Project object */;
}
